// !$*UTF8*$!
{
	archiveVersion = 1;
	classes = {
	};
	objectVersion = 55;
	objects = {

/* Begin PBXBuildFile section */
		961165B927D72AB400AB9D4E /* SearchResultTableViewCell.swift in Sources */ = {isa = PBXBuildFile; fileRef = 961165B827D72AB400AB9D4E /* SearchResultTableViewCell.swift */; };
		96AA4FE927D615A000C86343 /* AppDelegate.swift in Sources */ = {isa = PBXBuildFile; fileRef = 96AA4FE827D615A000C86343 /* AppDelegate.swift */; };
		96AA4FEB27D615A000C86343 /* SceneDelegate.swift in Sources */ = {isa = PBXBuildFile; fileRef = 96AA4FEA27D615A000C86343 /* SceneDelegate.swift */; };
		96AA4FED27D615A000C86343 /* WatchListViewController.swift in Sources */ = {isa = PBXBuildFile; fileRef = 96AA4FEC27D615A000C86343 /* WatchListViewController.swift */; };
		96AA4FF227D615A100C86343 /* Assets.xcassets in Resources */ = {isa = PBXBuildFile; fileRef = 96AA4FF127D615A100C86343 /* Assets.xcassets */; };
		96AA4FF527D615A100C86343 /* LaunchScreen.storyboard in Resources */ = {isa = PBXBuildFile; fileRef = 96AA4FF327D615A100C86343 /* LaunchScreen.storyboard */; };
		96AA500227D6168300C86343 /* NewsViewController.swift in Sources */ = {isa = PBXBuildFile; fileRef = 96AA500127D6168300C86343 /* NewsViewController.swift */; };
		96AA500427D6169000C86343 /* SearchResultsViewController.swift in Sources */ = {isa = PBXBuildFile; fileRef = 96AA500327D6169000C86343 /* SearchResultsViewController.swift */; };
		96AA500627D6169F00C86343 /* StockDetailsViewController.swift in Sources */ = {isa = PBXBuildFile; fileRef = 96AA500527D6169F00C86343 /* StockDetailsViewController.swift */; };
		96AA500827D6187700C86343 /* APIManager.swift in Sources */ = {isa = PBXBuildFile; fileRef = 96AA500727D6187700C86343 /* APIManager.swift */; };
		96AA500A27D6188C00C86343 /* PersistenceManager.swift in Sources */ = {isa = PBXBuildFile; fileRef = 96AA500927D6188C00C86343 /* PersistenceManager.swift */; };
		96AA500C27D6189400C86343 /* HapticsManager.swift in Sources */ = {isa = PBXBuildFile; fileRef = 96AA500B27D6189400C86343 /* HapticsManager.swift */; };
		96AA500E27D686B400C86343 /* Extensions.swift in Sources */ = {isa = PBXBuildFile; fileRef = 96AA500D27D686B400C86343 /* Extensions.swift */; };
		96DB5F5D27D776AA0084D5EB /* SearchResponse.swift in Sources */ = {isa = PBXBuildFile; fileRef = 96DB5F5C27D776AA0084D5EB /* SearchResponse.swift */; };
		AD0F9D1262F652133829A8DE /* Pods_Stocks.framework in Frameworks */ = {isa = PBXBuildFile; fileRef = 219335319C65019D02BAC5FB /* Pods_Stocks.framework */; };
/* End PBXBuildFile section */

/* Begin PBXFileReference section */
		219335319C65019D02BAC5FB /* Pods_Stocks.framework */ = {isa = PBXFileReference; explicitFileType = wrapper.framework; includeInIndex = 0; path = Pods_Stocks.framework; sourceTree = BUILT_PRODUCTS_DIR; };
		5BE9027E142B9B6662F2ACDA /* Pods-Stocks.debug.xcconfig */ = {isa = PBXFileReference; includeInIndex = 1; lastKnownFileType = text.xcconfig; name = "Pods-Stocks.debug.xcconfig"; path = "Target Support Files/Pods-Stocks/Pods-Stocks.debug.xcconfig"; sourceTree = "<group>"; };
		78698F1C56F8DDF3C15415C6 /* Pods-Stocks.release.xcconfig */ = {isa = PBXFileReference; includeInIndex = 1; lastKnownFileType = text.xcconfig; name = "Pods-Stocks.release.xcconfig"; path = "Target Support Files/Pods-Stocks/Pods-Stocks.release.xcconfig"; sourceTree = "<group>"; };
		961165B827D72AB400AB9D4E /* SearchResultTableViewCell.swift */ = {isa = PBXFileReference; lastKnownFileType = sourcecode.swift; path = SearchResultTableViewCell.swift; sourceTree = "<group>"; };
		96AA4FE527D615A000C86343 /* Stocks.app */ = {isa = PBXFileReference; explicitFileType = wrapper.application; includeInIndex = 0; path = Stocks.app; sourceTree = BUILT_PRODUCTS_DIR; };
		96AA4FE827D615A000C86343 /* AppDelegate.swift */ = {isa = PBXFileReference; lastKnownFileType = sourcecode.swift; path = AppDelegate.swift; sourceTree = "<group>"; };
		96AA4FEA27D615A000C86343 /* SceneDelegate.swift */ = {isa = PBXFileReference; lastKnownFileType = sourcecode.swift; path = SceneDelegate.swift; sourceTree = "<group>"; };
		96AA4FEC27D615A000C86343 /* WatchListViewController.swift */ = {isa = PBXFileReference; lastKnownFileType = sourcecode.swift; path = WatchListViewController.swift; sourceTree = "<group>"; };
		96AA4FF127D615A100C86343 /* Assets.xcassets */ = {isa = PBXFileReference; lastKnownFileType = folder.assetcatalog; path = Assets.xcassets; sourceTree = "<group>"; };
		96AA4FF427D615A100C86343 /* Base */ = {isa = PBXFileReference; lastKnownFileType = file.storyboard; name = Base; path = Base.lproj/LaunchScreen.storyboard; sourceTree = "<group>"; };
		96AA4FF627D615A100C86343 /* Info.plist */ = {isa = PBXFileReference; lastKnownFileType = text.plist.xml; path = Info.plist; sourceTree = "<group>"; };
		96AA500127D6168300C86343 /* NewsViewController.swift */ = {isa = PBXFileReference; lastKnownFileType = sourcecode.swift; path = NewsViewController.swift; sourceTree = "<group>"; };
		96AA500327D6169000C86343 /* SearchResultsViewController.swift */ = {isa = PBXFileReference; lastKnownFileType = sourcecode.swift; path = SearchResultsViewController.swift; sourceTree = "<group>"; };
		96AA500527D6169F00C86343 /* StockDetailsViewController.swift */ = {isa = PBXFileReference; lastKnownFileType = sourcecode.swift; path = StockDetailsViewController.swift; sourceTree = "<group>"; };
		96AA500727D6187700C86343 /* APIManager.swift */ = {isa = PBXFileReference; lastKnownFileType = sourcecode.swift; path = APIManager.swift; sourceTree = "<group>"; };
		96AA500927D6188C00C86343 /* PersistenceManager.swift */ = {isa = PBXFileReference; lastKnownFileType = sourcecode.swift; path = PersistenceManager.swift; sourceTree = "<group>"; };
		96AA500B27D6189400C86343 /* HapticsManager.swift */ = {isa = PBXFileReference; lastKnownFileType = sourcecode.swift; path = HapticsManager.swift; sourceTree = "<group>"; };
		96AA500D27D686B400C86343 /* Extensions.swift */ = {isa = PBXFileReference; lastKnownFileType = sourcecode.swift; path = Extensions.swift; sourceTree = "<group>"; };
		96DB5F5C27D776AA0084D5EB /* SearchResponse.swift */ = {isa = PBXFileReference; lastKnownFileType = sourcecode.swift; path = SearchResponse.swift; sourceTree = "<group>"; };
/* End PBXFileReference section */

/* Begin PBXFrameworksBuildPhase section */
		96AA4FE227D615A000C86343 /* Frameworks */ = {
			isa = PBXFrameworksBuildPhase;
			buildActionMask = 2147483647;
			files = (
				AD0F9D1262F652133829A8DE /* Pods_Stocks.framework in Frameworks */,
			);
			runOnlyForDeploymentPostprocessing = 0;
		};
/* End PBXFrameworksBuildPhase section */

/* Begin PBXGroup section */
		012A5F15FB222A3B84701DB0 /* Pods */ = {
			isa = PBXGroup;
			children = (
				5BE9027E142B9B6662F2ACDA /* Pods-Stocks.debug.xcconfig */,
				78698F1C56F8DDF3C15415C6 /* Pods-Stocks.release.xcconfig */,
			);
			path = Pods;
			sourceTree = "<group>";
		};
		96AA4FDC27D615A000C86343 = {
			isa = PBXGroup;
			children = (
				96AA4FE727D615A000C86343 /* Stocks */,
				96AA4FE627D615A000C86343 /* Products */,
				012A5F15FB222A3B84701DB0 /* Pods */,
				C50DF0224CB83026062530CE /* Frameworks */,
			);
			sourceTree = "<group>";
		};
		96AA4FE627D615A000C86343 /* Products */ = {
			isa = PBXGroup;
			children = (
				96AA4FE527D615A000C86343 /* Stocks.app */,
			);
			name = Products;
			sourceTree = "<group>";
		};
		96AA4FE727D615A000C86343 /* Stocks */ = {
			isa = PBXGroup;
			children = (
				96AA500027D615F900C86343 /* Other */,
				96AA4FFF27D615F300C86343 /* Managers */,
				96AA4FFE27D615EB00C86343 /* Controllers */,
				96AA4FFD27D615E400C86343 /* Views */,
				96AA4FFC27D615DB00C86343 /* Models */,
				96AA4FF627D615A100C86343 /* Info.plist */,
			);
			path = Stocks;
			sourceTree = "<group>";
		};
		96AA4FFC27D615DB00C86343 /* Models */ = {
			isa = PBXGroup;
			children = (
				96DB5F5C27D776AA0084D5EB /* SearchResponse.swift */,
			);
			path = Models;
			sourceTree = "<group>";
		};
		96AA4FFD27D615E400C86343 /* Views */ = {
			isa = PBXGroup;
			children = (
				96AA4FF327D615A100C86343 /* LaunchScreen.storyboard */,
				961165B827D72AB400AB9D4E /* SearchResultTableViewCell.swift */,
			);
			path = Views;
			sourceTree = "<group>";
		};
		96AA4FFE27D615EB00C86343 /* Controllers */ = {
			isa = PBXGroup;
			children = (
				96AA4FEC27D615A000C86343 /* WatchListViewController.swift */,
				96AA500127D6168300C86343 /* NewsViewController.swift */,
				96AA500327D6169000C86343 /* SearchResultsViewController.swift */,
				96AA500527D6169F00C86343 /* StockDetailsViewController.swift */,
			);
			path = Controllers;
			sourceTree = "<group>";
		};
		96AA4FFF27D615F300C86343 /* Managers */ = {
			isa = PBXGroup;
			children = (
				96AA500727D6187700C86343 /* APIManager.swift */,
				96AA500927D6188C00C86343 /* PersistenceManager.swift */,
				96AA500B27D6189400C86343 /* HapticsManager.swift */,
			);
			path = Managers;
			sourceTree = "<group>";
		};
		96AA500027D615F900C86343 /* Other */ = {
			isa = PBXGroup;
			children = (
				96AA4FF127D615A100C86343 /* Assets.xcassets */,
				96AA4FE827D615A000C86343 /* AppDelegate.swift */,
				96AA4FEA27D615A000C86343 /* SceneDelegate.swift */,
				96AA500D27D686B400C86343 /* Extensions.swift */,
			);
			path = Other;
			sourceTree = "<group>";
		};
		C50DF0224CB83026062530CE /* Frameworks */ = {
			isa = PBXGroup;
			children = (
				219335319C65019D02BAC5FB /* Pods_Stocks.framework */,
			);
			name = Frameworks;
			sourceTree = "<group>";
		};
/* End PBXGroup section */

/* Begin PBXNativeTarget section */
		96AA4FE427D615A000C86343 /* Stocks */ = {
			isa = PBXNativeTarget;
			buildConfigurationList = 96AA4FF927D615A100C86343 /* Build configuration list for PBXNativeTarget "Stocks" */;
			buildPhases = (
				1D47CCD47CC11190C9AC93DD /* [CP] Check Pods Manifest.lock */,
				96AA4FE127D615A000C86343 /* Sources */,
				96AA4FE227D615A000C86343 /* Frameworks */,
				96AA4FE327D615A000C86343 /* Resources */,
				C28D7F35E49DBC41E5FA98FC /* [CP] Embed Pods Frameworks */,
			);
			buildRules = (
			);
			dependencies = (
			);
			name = Stocks;
			productName = Stocks;
			productReference = 96AA4FE527D615A000C86343 /* Stocks.app */;
			productType = "com.apple.product-type.application";
		};
/* End PBXNativeTarget section */

/* Begin PBXProject section */
		96AA4FDD27D615A000C86343 /* Project object */ = {
			isa = PBXProject;
			attributes = {
				BuildIndependentTargetsInParallel = 1;
				LastSwiftUpdateCheck = 1310;
				LastUpgradeCheck = 1310;
				TargetAttributes = {
					96AA4FE427D615A000C86343 = {
						CreatedOnToolsVersion = 13.1;
					};
				};
			};
			buildConfigurationList = 96AA4FE027D615A000C86343 /* Build configuration list for PBXProject "Stocks" */;
			compatibilityVersion = "Xcode 13.0";
			developmentRegion = en;
			hasScannedForEncodings = 0;
			knownRegions = (
				en,
				Base,
			);
			mainGroup = 96AA4FDC27D615A000C86343;
			productRefGroup = 96AA4FE627D615A000C86343 /* Products */;
			projectDirPath = "";
			projectRoot = "";
			targets = (
				96AA4FE427D615A000C86343 /* Stocks */,
			);
		};
/* End PBXProject section */

/* Begin PBXResourcesBuildPhase section */
		96AA4FE327D615A000C86343 /* Resources */ = {
			isa = PBXResourcesBuildPhase;
			buildActionMask = 2147483647;
			files = (
				96AA4FF527D615A100C86343 /* LaunchScreen.storyboard in Resources */,
				96AA4FF227D615A100C86343 /* Assets.xcassets in Resources */,
			);
			runOnlyForDeploymentPostprocessing = 0;
		};
/* End PBXResourcesBuildPhase section */

/* Begin PBXShellScriptBuildPhase section */
		1D47CCD47CC11190C9AC93DD /* [CP] Check Pods Manifest.lock */ = {
			isa = PBXShellScriptBuildPhase;
			buildActionMask = 2147483647;
			files = (
			);
			inputFileListPaths = (
			);
			inputPaths = (
				"${PODS_PODFILE_DIR_PATH}/Podfile.lock",
				"${PODS_ROOT}/Manifest.lock",
			);
			name = "[CP] Check Pods Manifest.lock";
			outputFileListPaths = (
			);
			outputPaths = (
				"$(DERIVED_FILE_DIR)/Pods-Stocks-checkManifestLockResult.txt",
			);
			runOnlyForDeploymentPostprocessing = 0;
			shellPath = /bin/sh;
			shellScript = "diff \"${PODS_PODFILE_DIR_PATH}/Podfile.lock\" \"${PODS_ROOT}/Manifest.lock\" > /dev/null\nif [ $? != 0 ] ; then\n    # print error to STDERR\n    echo \"error: The sandbox is not in sync with the Podfile.lock. Run 'pod install' or update your CocoaPods installation.\" >&2\n    exit 1\nfi\n# This output is used by Xcode 'outputs' to avoid re-running this script phase.\necho \"SUCCESS\" > \"${SCRIPT_OUTPUT_FILE_0}\"\n";
			showEnvVarsInLog = 0;
		};
		C28D7F35E49DBC41E5FA98FC /* [CP] Embed Pods Frameworks */ = {
			isa = PBXShellScriptBuildPhase;
			buildActionMask = 2147483647;
			files = (
			);
			inputFileListPaths = (
				"${PODS_ROOT}/Target Support Files/Pods-Stocks/Pods-Stocks-frameworks-${CONFIGURATION}-input-files.xcfilelist",
			);
			name = "[CP] Embed Pods Frameworks";
			outputFileListPaths = (
				"${PODS_ROOT}/Target Support Files/Pods-Stocks/Pods-Stocks-frameworks-${CONFIGURATION}-output-files.xcfilelist",
			);
			runOnlyForDeploymentPostprocessing = 0;
			shellPath = /bin/sh;
			shellScript = "\"${PODS_ROOT}/Target Support Files/Pods-Stocks/Pods-Stocks-frameworks.sh\"\n";
			showEnvVarsInLog = 0;
		};
/* End PBXShellScriptBuildPhase section */

/* Begin PBXSourcesBuildPhase section */
		96AA4FE127D615A000C86343 /* Sources */ = {
			isa = PBXSourcesBuildPhase;
			buildActionMask = 2147483647;
			files = (
				96AA500C27D6189400C86343 /* HapticsManager.swift in Sources */,
				961165B927D72AB400AB9D4E /* SearchResultTableViewCell.swift in Sources */,
				96AA500627D6169F00C86343 /* StockDetailsViewController.swift in Sources */,
				96AA4FED27D615A000C86343 /* WatchListViewController.swift in Sources */,
				96AA500227D6168300C86343 /* NewsViewController.swift in Sources */,
				96AA500A27D6188C00C86343 /* PersistenceManager.swift in Sources */,
				96AA500E27D686B400C86343 /* Extensions.swift in Sources */,
				96AA4FE927D615A000C86343 /* AppDelegate.swift in Sources */,
				96DB5F5D27D776AA0084D5EB /* SearchResponse.swift in Sources */,
				96AA4FEB27D615A000C86343 /* SceneDelegate.swift in Sources */,
				96AA500427D6169000C86343 /* SearchResultsViewController.swift in Sources */,
				96AA500827D6187700C86343 /* APIManager.swift in Sources */,
			);
			runOnlyForDeploymentPostprocessing = 0;
		};
/* End PBXSourcesBuildPhase section */

/* Begin PBXVariantGroup section */
		96AA4FF327D615A100C86343 /* LaunchScreen.storyboard */ = {
			isa = PBXVariantGroup;
			children = (
				96AA4FF427D615A100C86343 /* Base */,
			);
			name = LaunchScreen.storyboard;
			sourceTree = "<group>";
		};
/* End PBXVariantGroup section */

/* Begin XCBuildConfiguration section */
		96AA4FF727D615A100C86343 /* Debug */ = {
			isa = XCBuildConfiguration;
			buildSettings = {
				ALWAYS_SEARCH_USER_PATHS = NO;
				CLANG_ANALYZER_NONNULL = YES;
				CLANG_ANALYZER_NUMBER_OBJECT_CONVERSION = YES_AGGRESSIVE;
				CLANG_CXX_LANGUAGE_STANDARD = "gnu++17";
				CLANG_CXX_LIBRARY = "libc++";
				CLANG_ENABLE_MODULES = YES;
				CLANG_ENABLE_OBJC_ARC = YES;
				CLANG_ENABLE_OBJC_WEAK = YES;
				CLANG_WARN_BLOCK_CAPTURE_AUTORELEASING = YES;
				CLANG_WARN_BOOL_CONVERSION = YES;
				CLANG_WARN_COMMA = YES;
				CLANG_WARN_CONSTANT_CONVERSION = YES;
				CLANG_WARN_DEPRECATED_OBJC_IMPLEMENTATIONS = YES;
				CLANG_WARN_DIRECT_OBJC_ISA_USAGE = YES_ERROR;
				CLANG_WARN_DOCUMENTATION_COMMENTS = YES;
				CLANG_WARN_EMPTY_BODY = YES;
				CLANG_WARN_ENUM_CONVERSION = YES;
				CLANG_WARN_INFINITE_RECURSION = YES;
				CLANG_WARN_INT_CONVERSION = YES;
				CLANG_WARN_NON_LITERAL_NULL_CONVERSION = YES;
				CLANG_WARN_OBJC_IMPLICIT_RETAIN_SELF = YES;
				CLANG_WARN_OBJC_LITERAL_CONVERSION = YES;
				CLANG_WARN_OBJC_ROOT_CLASS = YES_ERROR;
				CLANG_WARN_QUOTED_INCLUDE_IN_FRAMEWORK_HEADER = YES;
				CLANG_WARN_RANGE_LOOP_ANALYSIS = YES;
				CLANG_WARN_STRICT_PROTOTYPES = YES;
				CLANG_WARN_SUSPICIOUS_MOVE = YES;
				CLANG_WARN_UNGUARDED_AVAILABILITY = YES_AGGRESSIVE;
				CLANG_WARN_UNREACHABLE_CODE = YES;
				CLANG_WARN__DUPLICATE_METHOD_MATCH = YES;
				COPY_PHASE_STRIP = NO;
				DEBUG_INFORMATION_FORMAT = dwarf;
				ENABLE_STRICT_OBJC_MSGSEND = YES;
				ENABLE_TESTABILITY = YES;
				GCC_C_LANGUAGE_STANDARD = gnu11;
				GCC_DYNAMIC_NO_PIC = NO;
				GCC_NO_COMMON_BLOCKS = YES;
				GCC_OPTIMIZATION_LEVEL = 0;
				GCC_PREPROCESSOR_DEFINITIONS = (
					"DEBUG=1",
					"$(inherited)",
				);
				GCC_WARN_64_TO_32_BIT_CONVERSION = YES;
				GCC_WARN_ABOUT_RETURN_TYPE = YES_ERROR;
				GCC_WARN_UNDECLARED_SELECTOR = YES;
				GCC_WARN_UNINITIALIZED_AUTOS = YES_AGGRESSIVE;
				GCC_WARN_UNUSED_FUNCTION = YES;
				GCC_WARN_UNUSED_VARIABLE = YES;
				IPHONEOS_DEPLOYMENT_TARGET = 15.0;
				MTL_ENABLE_DEBUG_INFO = INCLUDE_SOURCE;
				MTL_FAST_MATH = YES;
				ONLY_ACTIVE_ARCH = YES;
				SDKROOT = iphoneos;
				SWIFT_ACTIVE_COMPILATION_CONDITIONS = DEBUG;
				SWIFT_OPTIMIZATION_LEVEL = "-Onone";
			};
			name = Debug;
		};
		96AA4FF827D615A100C86343 /* Release */ = {
			isa = XCBuildConfiguration;
			buildSettings = {
				ALWAYS_SEARCH_USER_PATHS = NO;
				CLANG_ANALYZER_NONNULL = YES;
				CLANG_ANALYZER_NUMBER_OBJECT_CONVERSION = YES_AGGRESSIVE;
				CLANG_CXX_LANGUAGE_STANDARD = "gnu++17";
				CLANG_CXX_LIBRARY = "libc++";
				CLANG_ENABLE_MODULES = YES;
				CLANG_ENABLE_OBJC_ARC = YES;
				CLANG_ENABLE_OBJC_WEAK = YES;
				CLANG_WARN_BLOCK_CAPTURE_AUTORELEASING = YES;
				CLANG_WARN_BOOL_CONVERSION = YES;
				CLANG_WARN_COMMA = YES;
				CLANG_WARN_CONSTANT_CONVERSION = YES;
				CLANG_WARN_DEPRECATED_OBJC_IMPLEMENTATIONS = YES;
				CLANG_WARN_DIRECT_OBJC_ISA_USAGE = YES_ERROR;
				CLANG_WARN_DOCUMENTATION_COMMENTS = YES;
				CLANG_WARN_EMPTY_BODY = YES;
				CLANG_WARN_ENUM_CONVERSION = YES;
				CLANG_WARN_INFINITE_RECURSION = YES;
				CLANG_WARN_INT_CONVERSION = YES;
				CLANG_WARN_NON_LITERAL_NULL_CONVERSION = YES;
				CLANG_WARN_OBJC_IMPLICIT_RETAIN_SELF = YES;
				CLANG_WARN_OBJC_LITERAL_CONVERSION = YES;
				CLANG_WARN_OBJC_ROOT_CLASS = YES_ERROR;
				CLANG_WARN_QUOTED_INCLUDE_IN_FRAMEWORK_HEADER = YES;
				CLANG_WARN_RANGE_LOOP_ANALYSIS = YES;
				CLANG_WARN_STRICT_PROTOTYPES = YES;
				CLANG_WARN_SUSPICIOUS_MOVE = YES;
				CLANG_WARN_UNGUARDED_AVAILABILITY = YES_AGGRESSIVE;
				CLANG_WARN_UNREACHABLE_CODE = YES;
				CLANG_WARN__DUPLICATE_METHOD_MATCH = YES;
				COPY_PHASE_STRIP = NO;
				DEBUG_INFORMATION_FORMAT = "dwarf-with-dsym";
				ENABLE_NS_ASSERTIONS = NO;
				ENABLE_STRICT_OBJC_MSGSEND = YES;
				GCC_C_LANGUAGE_STANDARD = gnu11;
				GCC_NO_COMMON_BLOCKS = YES;
				GCC_WARN_64_TO_32_BIT_CONVERSION = YES;
				GCC_WARN_ABOUT_RETURN_TYPE = YES_ERROR;
				GCC_WARN_UNDECLARED_SELECTOR = YES;
				GCC_WARN_UNINITIALIZED_AUTOS = YES_AGGRESSIVE;
				GCC_WARN_UNUSED_FUNCTION = YES;
				GCC_WARN_UNUSED_VARIABLE = YES;
				IPHONEOS_DEPLOYMENT_TARGET = 15.0;
				MTL_ENABLE_DEBUG_INFO = NO;
				MTL_FAST_MATH = YES;
				SDKROOT = iphoneos;
				SWIFT_COMPILATION_MODE = wholemodule;
				SWIFT_OPTIMIZATION_LEVEL = "-O";
				VALIDATE_PRODUCT = YES;
			};
			name = Release;
		};
		96AA4FFA27D615A100C86343 /* Debug */ = {
			isa = XCBuildConfiguration;
			baseConfigurationReference = 5BE9027E142B9B6662F2ACDA /* Pods-Stocks.debug.xcconfig */;
			buildSettings = {
				ASSETCATALOG_COMPILER_APPICON_NAME = AppIcon;
				ASSETCATALOG_COMPILER_GLOBAL_ACCENT_COLOR_NAME = AccentColor;
				CODE_SIGN_STYLE = Automatic;
				CURRENT_PROJECT_VERSION = 1;
				DEVELOPMENT_TEAM = NBL2DFM5E9;
				GENERATE_INFOPLIST_FILE = YES;
				INFOPLIST_FILE = Stocks/Info.plist;
				INFOPLIST_KEY_UIApplicationSupportsIndirectInputEvents = YES;
				INFOPLIST_KEY_UILaunchStoryboardName = LaunchScreen;
				INFOPLIST_KEY_UISupportedInterfaceOrientations = UIInterfaceOrientationPortrait;
				INFOPLIST_KEY_UISupportedInterfaceOrientations_iPhone = UIInterfaceOrientationPortrait;
				IPHONEOS_DEPLOYMENT_TARGET = 13.0;
				LD_RUNPATH_SEARCH_PATHS = (
					"$(inherited)",
					"@executable_path/Frameworks",
				);
				MARKETING_VERSION = 1.0;
				PRODUCT_BUNDLE_IDENTIFIER = com.shivamrishi.Stocks;
				PRODUCT_NAME = "$(TARGET_NAME)";
				SWIFT_EMIT_LOC_STRINGS = YES;
				SWIFT_VERSION = 5.0;
				TARGETED_DEVICE_FAMILY = 1;
			};
			name = Debug;
		};
		96AA4FFB27D615A100C86343 /* Release */ = {
			isa = XCBuildConfiguration;
			baseConfigurationReference = 78698F1C56F8DDF3C15415C6 /* Pods-Stocks.release.xcconfig */;
			buildSettings = {
				ASSETCATALOG_COMPILER_APPICON_NAME = AppIcon;
				ASSETCATALOG_COMPILER_GLOBAL_ACCENT_COLOR_NAME = AccentColor;
				CODE_SIGN_STYLE = Automatic;
				CURRENT_PROJECT_VERSION = 1;
				DEVELOPMENT_TEAM = NBL2DFM5E9;
				GENERATE_INFOPLIST_FILE = YES;
				INFOPLIST_FILE = Stocks/Info.plist;
				INFOPLIST_KEY_UIApplicationSupportsIndirectInputEvents = YES;
				INFOPLIST_KEY_UILaunchStoryboardName = LaunchScreen;
				INFOPLIST_KEY_UISupportedInterfaceOrientations = UIInterfaceOrientationPortrait;
				INFOPLIST_KEY_UISupportedInterfaceOrientations_iPhone = UIInterfaceOrientationPortrait;
				IPHONEOS_DEPLOYMENT_TARGET = 13.0;
				LD_RUNPATH_SEARCH_PATHS = (
					"$(inherited)",
					"@executable_path/Frameworks",
				);
				MARKETING_VERSION = 1.0;
				PRODUCT_BUNDLE_IDENTIFIER = com.shivamrishi.Stocks;
				PRODUCT_NAME = "$(TARGET_NAME)";
				SWIFT_EMIT_LOC_STRINGS = YES;
				SWIFT_VERSION = 5.0;
				TARGETED_DEVICE_FAMILY = 1;
			};
			name = Release;
		};
/* End XCBuildConfiguration section */

/* Begin XCConfigurationList section */
		96AA4FE027D615A000C86343 /* Build configuration list for PBXProject "Stocks" */ = {
			isa = XCConfigurationList;
			buildConfigurations = (
				96AA4FF727D615A100C86343 /* Debug */,
				96AA4FF827D615A100C86343 /* Release */,
			);
			defaultConfigurationIsVisible = 0;
			defaultConfigurationName = Release;
		};
		96AA4FF927D615A100C86343 /* Build configuration list for PBXNativeTarget "Stocks" */ = {
			isa = XCConfigurationList;
			buildConfigurations = (
				96AA4FFA27D615A100C86343 /* Debug */,
				96AA4FFB27D615A100C86343 /* Release */,
			);
			defaultConfigurationIsVisible = 0;
			defaultConfigurationName = Release;
		};
/* End XCConfigurationList section */
	};
	rootObject = 96AA4FDD27D615A000C86343 /* Project object */;
}
